// !$*UTF8*$!
{
	archiveVersion = 1;
	classes = {
	};
	objectVersion = 56;
	objects = {

/* Begin PBXBuildFile section */
		0F8CCF1DCC2B99D5CFEDC5F6 /* Pods_Treehouse.framework in Frameworks */ = {isa = PBXBuildFile; fileRef = 80F59C4AFD5E752911CF7F58 /* Pods_Treehouse.framework */; };
		A5D239232B879F8000B89993 /* Array+.swift in Sources */ = {isa = PBXBuildFile; fileRef = A5D239222B879F8000B89993 /* Array+.swift */; };
		A5D239252B87A1DE00B89993 /* UIViewPreview.swift in Sources */ = {isa = PBXBuildFile; fileRef = A5D239242B87A1DE00B89993 /* UIViewPreview.swift */; };
		EEA6FB0E2B86601300C8CBD6 /* FeedData.swift in Sources */ = {isa = PBXBuildFile; fileRef = EEA6FB0D2B86601300C8CBD6 /* FeedData.swift */; };
		EEA6FB102B86603600C8CBD6 /* TreehouseNetworkResult.swift in Sources */ = {isa = PBXBuildFile; fileRef = EEA6FB0F2B86603600C8CBD6 /* TreehouseNetworkResult.swift */; };
		EEA6FB122B8662A900C8CBD6 /* PostDetailData.swift in Sources */ = {isa = PBXBuildFile; fileRef = EEA6FB112B8662A900C8CBD6 /* PostDetailData.swift */; };
		EEA6FB142B86630200C8CBD6 /* ReactionData.swift in Sources */ = {isa = PBXBuildFile; fileRef = EEA6FB132B86630200C8CBD6 /* ReactionData.swift */; };
		EEA6FB162B86647B00C8CBD6 /* CommentData.swift in Sources */ = {isa = PBXBuildFile; fileRef = EEA6FB152B86647B00C8CBD6 /* CommentData.swift */; };
		EEA6FB192B86654200C8CBD6 /* TreehouseNetworkManager.swift in Sources */ = {isa = PBXBuildFile; fileRef = EEA6FB182B86654200C8CBD6 /* TreehouseNetworkManager.swift */; };
		EEA6FB1D2B86659500C8CBD6 /* TRHNetworkManager.swift in Sources */ = {isa = PBXBuildFile; fileRef = EEA6FB1C2B86659500C8CBD6 /* TRHNetworkManager.swift */; };
		EEA6FB1F2B8665F200C8CBD6 /* TRHURLRequest.swift in Sources */ = {isa = PBXBuildFile; fileRef = EEA6FB1E2B8665F200C8CBD6 /* TRHURLRequest.swift */; };
		EEA6FB212B8667CC00C8CBD6 /* Dictionary+.swift in Sources */ = {isa = PBXBuildFile; fileRef = EEA6FB202B8667CC00C8CBD6 /* Dictionary+.swift */; };
		EEA6FB232B86699000C8CBD6 /* TRHNetworkError.swift in Sources */ = {isa = PBXBuildFile; fileRef = EEA6FB222B86699000C8CBD6 /* TRHNetworkError.swift */; };
		EEA6FB262B866B3200C8CBD6 /* UserDefaultsWrapper.swift in Sources */ = {isa = PBXBuildFile; fileRef = EEA6FB252B866B3200C8CBD6 /* UserDefaultsWrapper.swift */; };
		EEA6FB282B866B3E00C8CBD6 /* UserDefaultsWrapperKey.swift in Sources */ = {isa = PBXBuildFile; fileRef = EEA6FB272B866B3E00C8CBD6 /* UserDefaultsWrapperKey.swift */; };
		EEA6FB2A2B866B7200C8CBD6 /* User.swift in Sources */ = {isa = PBXBuildFile; fileRef = EEA6FB292B866B7200C8CBD6 /* User.swift */; };
		EEA6FB2D2B866C8500C8CBD6 /* TreehouseURLContainer.swift in Sources */ = {isa = PBXBuildFile; fileRef = EEA6FB2C2B866C8500C8CBD6 /* TreehouseURLContainer.swift */; };
		EEA6FB302B866D6000C8CBD6 /* url.plist in Resources */ = {isa = PBXBuildFile; fileRef = EEA6FB2F2B866D6000C8CBD6 /* url.plist */; };
		EEA6FB322B866D7700C8CBD6 /* url-debug.plist in Resources */ = {isa = PBXBuildFile; fileRef = EEA6FB312B866D7700C8CBD6 /* url-debug.plist */; };
		EEA6FB342B866DE000C8CBD6 /* TreehouseNetworkURLRequest.swift in Sources */ = {isa = PBXBuildFile; fileRef = EEA6FB332B866DE000C8CBD6 /* TreehouseNetworkURLRequest.swift */; };
		EEA6FB382B87AEE300C8CBD6 /* TreehousePopUpViewController.swift in Sources */ = {isa = PBXBuildFile; fileRef = EEA6FB372B87AEE300C8CBD6 /* TreehousePopUpViewController.swift */; };
		EEA6FB3A2B87B7F800C8CBD6 /* TreehouseSelectionBottomSheetViewController.swift in Sources */ = {isa = PBXBuildFile; fileRef = EEA6FB392B87B7F800C8CBD6 /* TreehouseSelectionBottomSheetViewController.swift */; };
		EEA6FB3E2B87B82900C8CBD6 /* PostBottomSheetViewController.swift in Sources */ = {isa = PBXBuildFile; fileRef = EEA6FB3D2B87B82900C8CBD6 /* PostBottomSheetViewController.swift */; };
		EEA6FB402B87B83D00C8CBD6 /* CommentBottomSheetViewController.swift in Sources */ = {isa = PBXBuildFile; fileRef = EEA6FB3F2B87B83D00C8CBD6 /* CommentBottomSheetViewController.swift */; };
		EEA6FB422B87B8D700C8CBD6 /* TreehouseSelectionTableViewCell.swift in Sources */ = {isa = PBXBuildFile; fileRef = EEA6FB412B87B8D700C8CBD6 /* TreehouseSelectionTableViewCell.swift */; };
		EEA6FB442B87BC4000C8CBD6 /* TreehouseCreateTableViewCell.swift in Sources */ = {isa = PBXBuildFile; fileRef = EEA6FB432B87BC4000C8CBD6 /* TreehouseCreateTableViewCell.swift */; };
		EEA6FB462B87C74B00C8CBD6 /* TreehouseData.swift in Sources */ = {isa = PBXBuildFile; fileRef = EEA6FB452B87C74B00C8CBD6 /* TreehouseData.swift */; };
		EEE574162B7B76220040AC56 /* AppDelegate.swift in Sources */ = {isa = PBXBuildFile; fileRef = EEE574152B7B76220040AC56 /* AppDelegate.swift */; };
		EEE574182B7B76220040AC56 /* SceneDelegate.swift in Sources */ = {isa = PBXBuildFile; fileRef = EEE574172B7B76220040AC56 /* SceneDelegate.swift */; };
		EEE5741F2B7B76240040AC56 /* Assets.xcassets in Resources */ = {isa = PBXBuildFile; fileRef = EEE5741E2B7B76240040AC56 /* Assets.xcassets */; };
		EEE574222B7B76240040AC56 /* LaunchScreen.storyboard in Resources */ = {isa = PBXBuildFile; fileRef = EEE574202B7B76240040AC56 /* LaunchScreen.storyboard */; };
		EEE5742F2B7B79970040AC56 /* FeedViewController.swift in Sources */ = {isa = PBXBuildFile; fileRef = EEE5742E2B7B79970040AC56 /* FeedViewController.swift */; };
		EEE574312B7B79AB0040AC56 /* MainTabBarViewController.swift in Sources */ = {isa = PBXBuildFile; fileRef = EEE574302B7B79AB0040AC56 /* MainTabBarViewController.swift */; };
		EEE5743E2B7B7A270040AC56 /* Pretendard-Regular.otf in Resources */ = {isa = PBXBuildFile; fileRef = EEE574362B7B7A260040AC56 /* Pretendard-Regular.otf */; };
		EEE5743F2B7B7A270040AC56 /* Pretendard-Light.otf in Resources */ = {isa = PBXBuildFile; fileRef = EEE574372B7B7A260040AC56 /* Pretendard-Light.otf */; };
		EEE574402B7B7A270040AC56 /* Pretendard-SemiBold.otf in Resources */ = {isa = PBXBuildFile; fileRef = EEE574382B7B7A270040AC56 /* Pretendard-SemiBold.otf */; };
		EEE574412B7B7A270040AC56 /* Pretendard-ExtraLight.otf in Resources */ = {isa = PBXBuildFile; fileRef = EEE574392B7B7A270040AC56 /* Pretendard-ExtraLight.otf */; };
		EEE574422B7B7A270040AC56 /* Pretendard-ExtraBold.otf in Resources */ = {isa = PBXBuildFile; fileRef = EEE5743A2B7B7A270040AC56 /* Pretendard-ExtraBold.otf */; };
		EEE574432B7B7A270040AC56 /* Pretendard-Medium.otf in Resources */ = {isa = PBXBuildFile; fileRef = EEE5743B2B7B7A270040AC56 /* Pretendard-Medium.otf */; };
		EEE574442B7B7A270040AC56 /* Pretendard-Thin.otf in Resources */ = {isa = PBXBuildFile; fileRef = EEE5743C2B7B7A270040AC56 /* Pretendard-Thin.otf */; };
		EEE574452B7B7A270040AC56 /* Pretendard-Bold.otf in Resources */ = {isa = PBXBuildFile; fileRef = EEE5743D2B7B7A270040AC56 /* Pretendard-Bold.otf */; };
		EEE5744F2B7B7AAC0040AC56 /* String+.swift in Sources */ = {isa = PBXBuildFile; fileRef = EEE574492B7B7AAC0040AC56 /* String+.swift */; };
		EEE574502B7B7AAC0040AC56 /* UIFont+.swift in Sources */ = {isa = PBXBuildFile; fileRef = EEE5744A2B7B7AAC0040AC56 /* UIFont+.swift */; };
		EEE574512B7B7AAC0040AC56 /* UIRectEdge+.swift in Sources */ = {isa = PBXBuildFile; fileRef = EEE5744B2B7B7AAC0040AC56 /* UIRectEdge+.swift */; };
		EEE574522B7B7AAC0040AC56 /* UIView+.swift in Sources */ = {isa = PBXBuildFile; fileRef = EEE5744C2B7B7AAC0040AC56 /* UIView+.swift */; };
		EEE574532B7B7AAC0040AC56 /* UIViewController+.swift in Sources */ = {isa = PBXBuildFile; fileRef = EEE5744D2B7B7AAC0040AC56 /* UIViewController+.swift */; };
		EEE574542B7B7AAC0040AC56 /* UIColor+.swift in Sources */ = {isa = PBXBuildFile; fileRef = EEE5744E2B7B7AAC0040AC56 /* UIColor+.swift */; };
		EEE574572B7B7C300040AC56 /* TreehouseImageCollection.swift in Sources */ = {isa = PBXBuildFile; fileRef = EEE574562B7B7C300040AC56 /* TreehouseImageCollection.swift */; };
		EEE5745D2B7BA21F0040AC56 /* BranchViewController.swift in Sources */ = {isa = PBXBuildFile; fileRef = EEE5745C2B7BA21F0040AC56 /* BranchViewController.swift */; };
		EEE574602B7BA2C10040AC56 /* NotificationViewController.swift in Sources */ = {isa = PBXBuildFile; fileRef = EEE5745F2B7BA2C10040AC56 /* NotificationViewController.swift */; };
		EEE574632B7BA39D0040AC56 /* SettingViewController.swift in Sources */ = {isa = PBXBuildFile; fileRef = EEE574622B7BA39D0040AC56 /* SettingViewController.swift */; };
		EEE574692B7BA5050040AC56 /* WritePostTableViewCell.swift in Sources */ = {isa = PBXBuildFile; fileRef = EEE574682B7BA5050040AC56 /* WritePostTableViewCell.swift */; };
		EEE5746B2B7BA50C0040AC56 /* PostTableViewCell.swift in Sources */ = {isa = PBXBuildFile; fileRef = EEE5746A2B7BA50C0040AC56 /* PostTableViewCell.swift */; };
		EEE5746D2B7BA97C0040AC56 /* TreehallTableViewCell.swift in Sources */ = {isa = PBXBuildFile; fileRef = EEE5746C2B7BA97C0040AC56 /* TreehallTableViewCell.swift */; };
/* End PBXBuildFile section */

/* Begin PBXFileReference section */
		30B6CDE18EEEC0789A875EF4 /* Pods-Treehouse.release.xcconfig */ = {isa = PBXFileReference; includeInIndex = 1; lastKnownFileType = text.xcconfig; name = "Pods-Treehouse.release.xcconfig"; path = "Target Support Files/Pods-Treehouse/Pods-Treehouse.release.xcconfig"; sourceTree = "<group>"; };
		6D33CFFDE48C2206AC071F72 /* Pods-Treehouse.debug.xcconfig */ = {isa = PBXFileReference; includeInIndex = 1; lastKnownFileType = text.xcconfig; name = "Pods-Treehouse.debug.xcconfig"; path = "Target Support Files/Pods-Treehouse/Pods-Treehouse.debug.xcconfig"; sourceTree = "<group>"; };
		80F59C4AFD5E752911CF7F58 /* Pods_Treehouse.framework */ = {isa = PBXFileReference; explicitFileType = wrapper.framework; includeInIndex = 0; path = Pods_Treehouse.framework; sourceTree = BUILT_PRODUCTS_DIR; };
		A5D239222B879F8000B89993 /* Array+.swift */ = {isa = PBXFileReference; lastKnownFileType = sourcecode.swift; path = "Array+.swift"; sourceTree = "<group>"; };
		A5D239242B87A1DE00B89993 /* UIViewPreview.swift */ = {isa = PBXFileReference; lastKnownFileType = sourcecode.swift; path = UIViewPreview.swift; sourceTree = "<group>"; };
		EEA6FB0D2B86601300C8CBD6 /* FeedData.swift */ = {isa = PBXFileReference; lastKnownFileType = sourcecode.swift; path = FeedData.swift; sourceTree = "<group>"; };
		EEA6FB0F2B86603600C8CBD6 /* TreehouseNetworkResult.swift */ = {isa = PBXFileReference; lastKnownFileType = sourcecode.swift; path = TreehouseNetworkResult.swift; sourceTree = "<group>"; };
		EEA6FB112B8662A900C8CBD6 /* PostDetailData.swift */ = {isa = PBXFileReference; lastKnownFileType = sourcecode.swift; path = PostDetailData.swift; sourceTree = "<group>"; };
		EEA6FB132B86630200C8CBD6 /* ReactionData.swift */ = {isa = PBXFileReference; lastKnownFileType = sourcecode.swift; path = ReactionData.swift; sourceTree = "<group>"; };
		EEA6FB152B86647B00C8CBD6 /* CommentData.swift */ = {isa = PBXFileReference; lastKnownFileType = sourcecode.swift; path = CommentData.swift; sourceTree = "<group>"; };
		EEA6FB182B86654200C8CBD6 /* TreehouseNetworkManager.swift */ = {isa = PBXFileReference; lastKnownFileType = sourcecode.swift; path = TreehouseNetworkManager.swift; sourceTree = "<group>"; };
		EEA6FB1C2B86659500C8CBD6 /* TRHNetworkManager.swift */ = {isa = PBXFileReference; lastKnownFileType = sourcecode.swift; path = TRHNetworkManager.swift; sourceTree = "<group>"; };
		EEA6FB1E2B8665F200C8CBD6 /* TRHURLRequest.swift */ = {isa = PBXFileReference; lastKnownFileType = sourcecode.swift; path = TRHURLRequest.swift; sourceTree = "<group>"; };
		EEA6FB202B8667CC00C8CBD6 /* Dictionary+.swift */ = {isa = PBXFileReference; lastKnownFileType = sourcecode.swift; path = "Dictionary+.swift"; sourceTree = "<group>"; };
		EEA6FB222B86699000C8CBD6 /* TRHNetworkError.swift */ = {isa = PBXFileReference; lastKnownFileType = sourcecode.swift; path = TRHNetworkError.swift; sourceTree = "<group>"; };
		EEA6FB252B866B3200C8CBD6 /* UserDefaultsWrapper.swift */ = {isa = PBXFileReference; lastKnownFileType = sourcecode.swift; path = UserDefaultsWrapper.swift; sourceTree = "<group>"; };
		EEA6FB272B866B3E00C8CBD6 /* UserDefaultsWrapperKey.swift */ = {isa = PBXFileReference; lastKnownFileType = sourcecode.swift; path = UserDefaultsWrapperKey.swift; sourceTree = "<group>"; };
		EEA6FB292B866B7200C8CBD6 /* User.swift */ = {isa = PBXFileReference; lastKnownFileType = sourcecode.swift; path = User.swift; sourceTree = "<group>"; };
		EEA6FB2C2B866C8500C8CBD6 /* TreehouseURLContainer.swift */ = {isa = PBXFileReference; lastKnownFileType = sourcecode.swift; path = TreehouseURLContainer.swift; sourceTree = "<group>"; };
		EEA6FB2F2B866D6000C8CBD6 /* url.plist */ = {isa = PBXFileReference; lastKnownFileType = text.plist.xml; path = url.plist; sourceTree = "<group>"; };
		EEA6FB312B866D7700C8CBD6 /* url-debug.plist */ = {isa = PBXFileReference; lastKnownFileType = text.plist.xml; path = "url-debug.plist"; sourceTree = "<group>"; };
		EEA6FB332B866DE000C8CBD6 /* TreehouseNetworkURLRequest.swift */ = {isa = PBXFileReference; lastKnownFileType = sourcecode.swift; path = TreehouseNetworkURLRequest.swift; sourceTree = "<group>"; };
		EEA6FB372B87AEE300C8CBD6 /* TreehousePopUpViewController.swift */ = {isa = PBXFileReference; lastKnownFileType = sourcecode.swift; path = TreehousePopUpViewController.swift; sourceTree = "<group>"; };
		EEA6FB392B87B7F800C8CBD6 /* TreehouseSelectionBottomSheetViewController.swift */ = {isa = PBXFileReference; lastKnownFileType = sourcecode.swift; path = TreehouseSelectionBottomSheetViewController.swift; sourceTree = "<group>"; };
		EEA6FB3D2B87B82900C8CBD6 /* PostBottomSheetViewController.swift */ = {isa = PBXFileReference; lastKnownFileType = sourcecode.swift; path = PostBottomSheetViewController.swift; sourceTree = "<group>"; };
		EEA6FB3F2B87B83D00C8CBD6 /* CommentBottomSheetViewController.swift */ = {isa = PBXFileReference; lastKnownFileType = sourcecode.swift; path = CommentBottomSheetViewController.swift; sourceTree = "<group>"; };
		EEA6FB412B87B8D700C8CBD6 /* TreehouseSelectionTableViewCell.swift */ = {isa = PBXFileReference; lastKnownFileType = sourcecode.swift; path = TreehouseSelectionTableViewCell.swift; sourceTree = "<group>"; };
		EEA6FB432B87BC4000C8CBD6 /* TreehouseCreateTableViewCell.swift */ = {isa = PBXFileReference; lastKnownFileType = sourcecode.swift; path = TreehouseCreateTableViewCell.swift; sourceTree = "<group>"; };
		EEA6FB452B87C74B00C8CBD6 /* TreehouseData.swift */ = {isa = PBXFileReference; lastKnownFileType = sourcecode.swift; path = TreehouseData.swift; sourceTree = "<group>"; };
		EEE574122B7B76220040AC56 /* Treehouse.app */ = {isa = PBXFileReference; explicitFileType = wrapper.application; includeInIndex = 0; path = Treehouse.app; sourceTree = BUILT_PRODUCTS_DIR; };
		EEE574152B7B76220040AC56 /* AppDelegate.swift */ = {isa = PBXFileReference; lastKnownFileType = sourcecode.swift; path = AppDelegate.swift; sourceTree = "<group>"; };
		EEE574172B7B76220040AC56 /* SceneDelegate.swift */ = {isa = PBXFileReference; lastKnownFileType = sourcecode.swift; path = SceneDelegate.swift; sourceTree = "<group>"; };
		EEE5741E2B7B76240040AC56 /* Assets.xcassets */ = {isa = PBXFileReference; lastKnownFileType = folder.assetcatalog; path = Assets.xcassets; sourceTree = "<group>"; };
		EEE574212B7B76240040AC56 /* Base */ = {isa = PBXFileReference; lastKnownFileType = file.storyboard; name = Base; path = Base.lproj/LaunchScreen.storyboard; sourceTree = "<group>"; };
		EEE574232B7B76240040AC56 /* Info.plist */ = {isa = PBXFileReference; lastKnownFileType = text.plist.xml; path = Info.plist; sourceTree = "<group>"; };
		EEE5742E2B7B79970040AC56 /* FeedViewController.swift */ = {isa = PBXFileReference; lastKnownFileType = sourcecode.swift; path = FeedViewController.swift; sourceTree = "<group>"; };
		EEE574302B7B79AB0040AC56 /* MainTabBarViewController.swift */ = {isa = PBXFileReference; lastKnownFileType = sourcecode.swift; path = MainTabBarViewController.swift; sourceTree = "<group>"; };
		EEE574362B7B7A260040AC56 /* Pretendard-Regular.otf */ = {isa = PBXFileReference; lastKnownFileType = file; path = "Pretendard-Regular.otf"; sourceTree = "<group>"; };
		EEE574372B7B7A260040AC56 /* Pretendard-Light.otf */ = {isa = PBXFileReference; lastKnownFileType = file; path = "Pretendard-Light.otf"; sourceTree = "<group>"; };
		EEE574382B7B7A270040AC56 /* Pretendard-SemiBold.otf */ = {isa = PBXFileReference; lastKnownFileType = file; path = "Pretendard-SemiBold.otf"; sourceTree = "<group>"; };
		EEE574392B7B7A270040AC56 /* Pretendard-ExtraLight.otf */ = {isa = PBXFileReference; lastKnownFileType = file; path = "Pretendard-ExtraLight.otf"; sourceTree = "<group>"; };
		EEE5743A2B7B7A270040AC56 /* Pretendard-ExtraBold.otf */ = {isa = PBXFileReference; lastKnownFileType = file; path = "Pretendard-ExtraBold.otf"; sourceTree = "<group>"; };
		EEE5743B2B7B7A270040AC56 /* Pretendard-Medium.otf */ = {isa = PBXFileReference; lastKnownFileType = file; path = "Pretendard-Medium.otf"; sourceTree = "<group>"; };
		EEE5743C2B7B7A270040AC56 /* Pretendard-Thin.otf */ = {isa = PBXFileReference; lastKnownFileType = file; path = "Pretendard-Thin.otf"; sourceTree = "<group>"; };
		EEE5743D2B7B7A270040AC56 /* Pretendard-Bold.otf */ = {isa = PBXFileReference; lastKnownFileType = file; path = "Pretendard-Bold.otf"; sourceTree = "<group>"; };
		EEE574492B7B7AAC0040AC56 /* String+.swift */ = {isa = PBXFileReference; fileEncoding = 4; lastKnownFileType = sourcecode.swift; path = "String+.swift"; sourceTree = "<group>"; };
		EEE5744A2B7B7AAC0040AC56 /* UIFont+.swift */ = {isa = PBXFileReference; fileEncoding = 4; lastKnownFileType = sourcecode.swift; path = "UIFont+.swift"; sourceTree = "<group>"; };
		EEE5744B2B7B7AAC0040AC56 /* UIRectEdge+.swift */ = {isa = PBXFileReference; fileEncoding = 4; lastKnownFileType = sourcecode.swift; path = "UIRectEdge+.swift"; sourceTree = "<group>"; };
		EEE5744C2B7B7AAC0040AC56 /* UIView+.swift */ = {isa = PBXFileReference; fileEncoding = 4; lastKnownFileType = sourcecode.swift; path = "UIView+.swift"; sourceTree = "<group>"; };
		EEE5744D2B7B7AAC0040AC56 /* UIViewController+.swift */ = {isa = PBXFileReference; fileEncoding = 4; lastKnownFileType = sourcecode.swift; path = "UIViewController+.swift"; sourceTree = "<group>"; };
		EEE5744E2B7B7AAC0040AC56 /* UIColor+.swift */ = {isa = PBXFileReference; fileEncoding = 4; lastKnownFileType = sourcecode.swift; path = "UIColor+.swift"; sourceTree = "<group>"; };
		EEE574562B7B7C300040AC56 /* TreehouseImageCollection.swift */ = {isa = PBXFileReference; lastKnownFileType = sourcecode.swift; path = TreehouseImageCollection.swift; sourceTree = "<group>"; };
		EEE5745C2B7BA21F0040AC56 /* BranchViewController.swift */ = {isa = PBXFileReference; lastKnownFileType = sourcecode.swift; path = BranchViewController.swift; sourceTree = "<group>"; };
		EEE5745F2B7BA2C10040AC56 /* NotificationViewController.swift */ = {isa = PBXFileReference; lastKnownFileType = sourcecode.swift; path = NotificationViewController.swift; sourceTree = "<group>"; };
		EEE574622B7BA39D0040AC56 /* SettingViewController.swift */ = {isa = PBXFileReference; lastKnownFileType = sourcecode.swift; path = SettingViewController.swift; sourceTree = "<group>"; };
		EEE574682B7BA5050040AC56 /* WritePostTableViewCell.swift */ = {isa = PBXFileReference; lastKnownFileType = sourcecode.swift; path = WritePostTableViewCell.swift; sourceTree = "<group>"; };
		EEE5746A2B7BA50C0040AC56 /* PostTableViewCell.swift */ = {isa = PBXFileReference; lastKnownFileType = sourcecode.swift; path = PostTableViewCell.swift; sourceTree = "<group>"; };
		EEE5746C2B7BA97C0040AC56 /* TreehallTableViewCell.swift */ = {isa = PBXFileReference; lastKnownFileType = sourcecode.swift; path = TreehallTableViewCell.swift; sourceTree = "<group>"; };
/* End PBXFileReference section */

/* Begin PBXFrameworksBuildPhase section */
		EEE5740F2B7B76220040AC56 /* Frameworks */ = {
			isa = PBXFrameworksBuildPhase;
			buildActionMask = 2147483647;
			files = (
				0F8CCF1DCC2B99D5CFEDC5F6 /* Pods_Treehouse.framework in Frameworks */,
			);
			runOnlyForDeploymentPostprocessing = 0;
		};
/* End PBXFrameworksBuildPhase section */

/* Begin PBXGroup section */
		4E627E394B8FB662DE47B740 /* Pods */ = {
			isa = PBXGroup;
			children = (
				6D33CFFDE48C2206AC071F72 /* Pods-Treehouse.debug.xcconfig */,
				30B6CDE18EEEC0789A875EF4 /* Pods-Treehouse.release.xcconfig */,
			);
			path = Pods;
			sourceTree = "<group>";
		};
		BCA835052F63266DF75CB08A /* Frameworks */ = {
			isa = PBXGroup;
			children = (
				80F59C4AFD5E752911CF7F58 /* Pods_Treehouse.framework */,
			);
			name = Frameworks;
			sourceTree = "<group>";
		};
		EEA6FB0B2B865E4100C8CBD6 /* Models */ = {
			isa = PBXGroup;
			children = (
				EEA6FB1A2B86656800C8CBD6 /* Network */,
				EEA6FB0C2B865FCA00C8CBD6 /* Structure */,
			);
			path = Models;
			sourceTree = "<group>";
		};
		EEA6FB0C2B865FCA00C8CBD6 /* Structure */ = {
			isa = PBXGroup;
			children = (
				EEA6FB0F2B86603600C8CBD6 /* TreehouseNetworkResult.swift */,
				EEA6FB0D2B86601300C8CBD6 /* FeedData.swift */,
				EEA6FB112B8662A900C8CBD6 /* PostDetailData.swift */,
				EEA6FB132B86630200C8CBD6 /* ReactionData.swift */,
				EEA6FB152B86647B00C8CBD6 /* CommentData.swift */,
				EEA6FB292B866B7200C8CBD6 /* User.swift */,
				EEA6FB452B87C74B00C8CBD6 /* TreehouseData.swift */,
			);
			path = Structure;
			sourceTree = "<group>";
		};
		EEA6FB172B86653500C8CBD6 /* Treehouse */ = {
			isa = PBXGroup;
			children = (
				EEA6FB182B86654200C8CBD6 /* TreehouseNetworkManager.swift */,
				EEA6FB332B866DE000C8CBD6 /* TreehouseNetworkURLRequest.swift */,
			);
			path = Treehouse;
			sourceTree = "<group>";
		};
		EEA6FB1A2B86656800C8CBD6 /* Network */ = {
			isa = PBXGroup;
			children = (
				EEA6FB1B2B86658500C8CBD6 /* protocols */,
				EEA6FB172B86653500C8CBD6 /* Treehouse */,
			);
			path = Network;
			sourceTree = "<group>";
		};
		EEA6FB1B2B86658500C8CBD6 /* protocols */ = {
			isa = PBXGroup;
			children = (
				EEA6FB1C2B86659500C8CBD6 /* TRHNetworkManager.swift */,
				EEA6FB1E2B8665F200C8CBD6 /* TRHURLRequest.swift */,
				EEA6FB222B86699000C8CBD6 /* TRHNetworkError.swift */,
			);
			path = protocols;
			sourceTree = "<group>";
		};
		EEA6FB242B866B2300C8CBD6 /* UserDefaultsWrapper */ = {
			isa = PBXGroup;
			children = (
				EEA6FB252B866B3200C8CBD6 /* UserDefaultsWrapper.swift */,
				EEA6FB272B866B3E00C8CBD6 /* UserDefaultsWrapperKey.swift */,
			);
			path = UserDefaultsWrapper;
			sourceTree = "<group>";
		};
		EEA6FB2B2B866C6A00C8CBD6 /* PropertyListContainer */ = {
			isa = PBXGroup;
			children = (
				EEA6FB2C2B866C8500C8CBD6 /* TreehouseURLContainer.swift */,
			);
			path = PropertyListContainer;
			sourceTree = "<group>";
		};
		EEA6FB2E2B866D4400C8CBD6 /* propertyList */ = {
			isa = PBXGroup;
			children = (
				EEA6FB2F2B866D6000C8CBD6 /* url.plist */,
				EEA6FB312B866D7700C8CBD6 /* url-debug.plist */,
			);
			path = propertyList;
			sourceTree = "<group>";
		};
		EEE574092B7B76220040AC56 = {
			isa = PBXGroup;
			children = (
				EEE574142B7B76220040AC56 /* Treehouse */,
				EEE574132B7B76220040AC56 /* Products */,
				4E627E394B8FB662DE47B740 /* Pods */,
				BCA835052F63266DF75CB08A /* Frameworks */,
			);
			sourceTree = "<group>";
		};
		EEE574132B7B76220040AC56 /* Products */ = {
			isa = PBXGroup;
			children = (
				EEE574122B7B76220040AC56 /* Treehouse.app */,
			);
			name = Products;
			sourceTree = "<group>";
		};
		EEE574142B7B76220040AC56 /* Treehouse */ = {
			isa = PBXGroup;
			children = (
				EEA6FB0B2B865E4100C8CBD6 /* Models */,
				EEE574292B7B78D60040AC56 /* App */,
				EEE5742B2B7B793B0040AC56 /* Scenes */,
				EEE574342B7B79D30040AC56 /* Resources */,
				EEE574462B7B7A610040AC56 /* Utils */,
			);
			path = Treehouse;
			sourceTree = "<group>";
		};
		EEE574292B7B78D60040AC56 /* App */ = {
			isa = PBXGroup;
			children = (
				EEE574152B7B76220040AC56 /* AppDelegate.swift */,
				EEE574172B7B76220040AC56 /* SceneDelegate.swift */,
			);
			path = App;
			sourceTree = "<group>";
		};
		EEE5742B2B7B793B0040AC56 /* Scenes */ = {
			isa = PBXGroup;
			children = (
				EEE574612B7BA38F0040AC56 /* SettingScenes */,
				EEE5745E2B7BA2B50040AC56 /* NotificationScenes */,
				EEE5745B2B7BA20F0040AC56 /* BranchScenes */,
				EEE5742C2B7B79450040AC56 /* FeedScenes */,
				EEE574302B7B79AB0040AC56 /* MainTabBarViewController.swift */,
			);
			path = Scenes;
			sourceTree = "<group>";
		};
		EEE5742C2B7B79450040AC56 /* FeedScenes */ = {
			isa = PBXGroup;
			children = (
				EEE5742D2B7B79630040AC56 /* Cells */,
				EEE5742E2B7B79970040AC56 /* FeedViewController.swift */,
				EEA6FB372B87AEE300C8CBD6 /* TreehousePopUpViewController.swift */,
				EEA6FB392B87B7F800C8CBD6 /* TreehouseSelectionBottomSheetViewController.swift */,
				EEA6FB3D2B87B82900C8CBD6 /* PostBottomSheetViewController.swift */,
				EEA6FB3F2B87B83D00C8CBD6 /* CommentBottomSheetViewController.swift */,
			);
			path = FeedScenes;
			sourceTree = "<group>";
		};
		EEE5742D2B7B79630040AC56 /* Cells */ = {
			isa = PBXGroup;
			children = (
				EEE574682B7BA5050040AC56 /* WritePostTableViewCell.swift */,
				EEE5746A2B7BA50C0040AC56 /* PostTableViewCell.swift */,
				EEE5746C2B7BA97C0040AC56 /* TreehallTableViewCell.swift */,
				EEA6FB412B87B8D700C8CBD6 /* TreehouseSelectionTableViewCell.swift */,
				EEA6FB432B87BC4000C8CBD6 /* TreehouseCreateTableViewCell.swift */,
			);
			path = Cells;
			sourceTree = "<group>";
		};
		EEE574342B7B79D30040AC56 /* Resources */ = {
			isa = PBXGroup;
			children = (
				EEA6FB2E2B866D4400C8CBD6 /* propertyList */,
				EEE574232B7B76240040AC56 /* Info.plist */,
				EEE574352B7B79F60040AC56 /* Fonts */,
				EEE5741E2B7B76240040AC56 /* Assets.xcassets */,
				EEE574202B7B76240040AC56 /* LaunchScreen.storyboard */,
			);
			path = Resources;
			sourceTree = "<group>";
		};
		EEE574352B7B79F60040AC56 /* Fonts */ = {
			isa = PBXGroup;
			children = (
				EEE5743D2B7B7A270040AC56 /* Pretendard-Bold.otf */,
				EEE5743A2B7B7A270040AC56 /* Pretendard-ExtraBold.otf */,
				EEE574392B7B7A270040AC56 /* Pretendard-ExtraLight.otf */,
				EEE574372B7B7A260040AC56 /* Pretendard-Light.otf */,
				EEE5743B2B7B7A270040AC56 /* Pretendard-Medium.otf */,
				EEE574362B7B7A260040AC56 /* Pretendard-Regular.otf */,
				EEE574382B7B7A270040AC56 /* Pretendard-SemiBold.otf */,
				EEE5743C2B7B7A270040AC56 /* Pretendard-Thin.otf */,
			);
			path = Fonts;
			sourceTree = "<group>";
		};
		EEE574462B7B7A610040AC56 /* Utils */ = {
			isa = PBXGroup;
			children = (
				EEA6FB2B2B866C6A00C8CBD6 /* PropertyListContainer */,
				EEA6FB242B866B2300C8CBD6 /* UserDefaultsWrapper */,
				EEE574552B7B7C1E0040AC56 /* TreehouseCollections */,
				EEE574482B7B7A760040AC56 /* Extensions */,
				A5D239242B87A1DE00B89993 /* UIViewPreview.swift */,
			);
			path = Utils;
			sourceTree = "<group>";
		};
		EEE574482B7B7A760040AC56 /* Extensions */ = {
			isa = PBXGroup;
			children = (
				EEE574492B7B7AAC0040AC56 /* String+.swift */,
				EEE5744E2B7B7AAC0040AC56 /* UIColor+.swift */,
				EEE5744A2B7B7AAC0040AC56 /* UIFont+.swift */,
				EEE5744B2B7B7AAC0040AC56 /* UIRectEdge+.swift */,
				EEE5744C2B7B7AAC0040AC56 /* UIView+.swift */,
				EEE5744D2B7B7AAC0040AC56 /* UIViewController+.swift */,
				EEA6FB202B8667CC00C8CBD6 /* Dictionary+.swift */,
				A5D239222B879F8000B89993 /* Array+.swift */,
			);
			path = Extensions;
			sourceTree = "<group>";
		};
		EEE574552B7B7C1E0040AC56 /* TreehouseCollections */ = {
			isa = PBXGroup;
			children = (
				EEE574562B7B7C300040AC56 /* TreehouseImageCollection.swift */,
			);
			path = TreehouseCollections;
			sourceTree = "<group>";
		};
		EEE5745B2B7BA20F0040AC56 /* BranchScenes */ = {
			isa = PBXGroup;
			children = (
				EEE5745C2B7BA21F0040AC56 /* BranchViewController.swift */,
			);
			path = BranchScenes;
			sourceTree = "<group>";
		};
		EEE5745E2B7BA2B50040AC56 /* NotificationScenes */ = {
			isa = PBXGroup;
			children = (
				EEE5745F2B7BA2C10040AC56 /* NotificationViewController.swift */,
			);
			path = NotificationScenes;
			sourceTree = "<group>";
		};
		EEE574612B7BA38F0040AC56 /* SettingScenes */ = {
			isa = PBXGroup;
			children = (
				EEE574622B7BA39D0040AC56 /* SettingViewController.swift */,
			);
			path = SettingScenes;
			sourceTree = "<group>";
		};
/* End PBXGroup section */

/* Begin PBXNativeTarget section */
		EEE574112B7B76220040AC56 /* Treehouse */ = {
			isa = PBXNativeTarget;
			buildConfigurationList = EEE574262B7B76240040AC56 /* Build configuration list for PBXNativeTarget "Treehouse" */;
			buildPhases = (
				9203DF15AC5A61CF921BE578 /* [CP] Check Pods Manifest.lock */,
				EEE5740E2B7B76220040AC56 /* Sources */,
				EEE5740F2B7B76220040AC56 /* Frameworks */,
				EEE574102B7B76220040AC56 /* Resources */,
				356F224BB03B153AA4B33A5C /* [CP] Embed Pods Frameworks */,
			);
			buildRules = (
			);
			dependencies = (
			);
			name = Treehouse;
			productName = Treehouse;
			productReference = EEE574122B7B76220040AC56 /* Treehouse.app */;
			productType = "com.apple.product-type.application";
		};
/* End PBXNativeTarget section */

/* Begin PBXProject section */
		EEE5740A2B7B76220040AC56 /* Project object */ = {
			isa = PBXProject;
			attributes = {
				BuildIndependentTargetsInParallel = 1;
				LastSwiftUpdateCheck = 1520;
				LastUpgradeCheck = 1520;
				TargetAttributes = {
					EEE574112B7B76220040AC56 = {
						CreatedOnToolsVersion = 15.2;
					};
				};
			};
			buildConfigurationList = EEE5740D2B7B76220040AC56 /* Build configuration list for PBXProject "Treehouse" */;
			compatibilityVersion = "Xcode 14.0";
			developmentRegion = en;
			hasScannedForEncodings = 0;
			knownRegions = (
				en,
				Base,
			);
			mainGroup = EEE574092B7B76220040AC56;
			productRefGroup = EEE574132B7B76220040AC56 /* Products */;
			projectDirPath = "";
			projectRoot = "";
			targets = (
				EEE574112B7B76220040AC56 /* Treehouse */,
			);
		};
/* End PBXProject section */

/* Begin PBXResourcesBuildPhase section */
		EEE574102B7B76220040AC56 /* Resources */ = {
			isa = PBXResourcesBuildPhase;
			buildActionMask = 2147483647;
			files = (
				EEE574412B7B7A270040AC56 /* Pretendard-ExtraLight.otf in Resources */,
				EEE574452B7B7A270040AC56 /* Pretendard-Bold.otf in Resources */,
				EEE574222B7B76240040AC56 /* LaunchScreen.storyboard in Resources */,
				EEE574422B7B7A270040AC56 /* Pretendard-ExtraBold.otf in Resources */,
				EEA6FB322B866D7700C8CBD6 /* url-debug.plist in Resources */,
				EEE574442B7B7A270040AC56 /* Pretendard-Thin.otf in Resources */,
				EEE574432B7B7A270040AC56 /* Pretendard-Medium.otf in Resources */,
				EEE5743F2B7B7A270040AC56 /* Pretendard-Light.otf in Resources */,
				EEE574402B7B7A270040AC56 /* Pretendard-SemiBold.otf in Resources */,
				EEE5743E2B7B7A270040AC56 /* Pretendard-Regular.otf in Resources */,
				EEE5741F2B7B76240040AC56 /* Assets.xcassets in Resources */,
				EEA6FB302B866D6000C8CBD6 /* url.plist in Resources */,
			);
			runOnlyForDeploymentPostprocessing = 0;
		};
/* End PBXResourcesBuildPhase section */

/* Begin PBXShellScriptBuildPhase section */
		356F224BB03B153AA4B33A5C /* [CP] Embed Pods Frameworks */ = {
			isa = PBXShellScriptBuildPhase;
			buildActionMask = 2147483647;
			files = (
			);
			inputFileListPaths = (
				"${PODS_ROOT}/Target Support Files/Pods-Treehouse/Pods-Treehouse-frameworks-${CONFIGURATION}-input-files.xcfilelist",
			);
			name = "[CP] Embed Pods Frameworks";
			outputFileListPaths = (
				"${PODS_ROOT}/Target Support Files/Pods-Treehouse/Pods-Treehouse-frameworks-${CONFIGURATION}-output-files.xcfilelist",
			);
			runOnlyForDeploymentPostprocessing = 0;
			shellPath = /bin/sh;
			shellScript = "\"${PODS_ROOT}/Target Support Files/Pods-Treehouse/Pods-Treehouse-frameworks.sh\"\n";
			showEnvVarsInLog = 0;
		};
		9203DF15AC5A61CF921BE578 /* [CP] Check Pods Manifest.lock */ = {
			isa = PBXShellScriptBuildPhase;
			buildActionMask = 2147483647;
			files = (
			);
			inputFileListPaths = (
			);
			inputPaths = (
				"${PODS_PODFILE_DIR_PATH}/Podfile.lock",
				"${PODS_ROOT}/Manifest.lock",
			);
			name = "[CP] Check Pods Manifest.lock";
			outputFileListPaths = (
			);
			outputPaths = (
				"$(DERIVED_FILE_DIR)/Pods-Treehouse-checkManifestLockResult.txt",
			);
			runOnlyForDeploymentPostprocessing = 0;
			shellPath = /bin/sh;
			shellScript = "diff \"${PODS_PODFILE_DIR_PATH}/Podfile.lock\" \"${PODS_ROOT}/Manifest.lock\" > /dev/null\nif [ $? != 0 ] ; then\n    # print error to STDERR\n    echo \"error: The sandbox is not in sync with the Podfile.lock. Run 'pod install' or update your CocoaPods installation.\" >&2\n    exit 1\nfi\n# This output is used by Xcode 'outputs' to avoid re-running this script phase.\necho \"SUCCESS\" > \"${SCRIPT_OUTPUT_FILE_0}\"\n";
			showEnvVarsInLog = 0;
		};
/* End PBXShellScriptBuildPhase section */

/* Begin PBXSourcesBuildPhase section */
		EEE5740E2B7B76220040AC56 /* Sources */ = {
			isa = PBXSourcesBuildPhase;
			buildActionMask = 2147483647;
			files = (
				EEA6FB262B866B3200C8CBD6 /* UserDefaultsWrapper.swift in Sources */,
				A5D239232B879F8000B89993 /* Array+.swift in Sources */,
				EEE574512B7B7AAC0040AC56 /* UIRectEdge+.swift in Sources */,
				EEA6FB402B87B83D00C8CBD6 /* CommentBottomSheetViewController.swift in Sources */,
				EEE574312B7B79AB0040AC56 /* MainTabBarViewController.swift in Sources */,
				EEA6FB102B86603600C8CBD6 /* TreehouseNetworkResult.swift in Sources */,
				EEA6FB162B86647B00C8CBD6 /* CommentData.swift in Sources */,
				EEA6FB232B86699000C8CBD6 /* TRHNetworkError.swift in Sources */,
				EEE574532B7B7AAC0040AC56 /* UIViewController+.swift in Sources */,
				EEA6FB1D2B86659500C8CBD6 /* TRHNetworkManager.swift in Sources */,
				EEA6FB422B87B8D700C8CBD6 /* TreehouseSelectionTableViewCell.swift in Sources */,
				EEA6FB2A2B866B7200C8CBD6 /* User.swift in Sources */,
				EEE574692B7BA5050040AC56 /* WritePostTableViewCell.swift in Sources */,
				A5D239252B87A1DE00B89993 /* UIViewPreview.swift in Sources */,
				EEA6FB342B866DE000C8CBD6 /* TreehouseNetworkURLRequest.swift in Sources */,
				EEE5745D2B7BA21F0040AC56 /* BranchViewController.swift in Sources */,
				EEA6FB462B87C74B00C8CBD6 /* TreehouseData.swift in Sources */,
				EEA6FB442B87BC4000C8CBD6 /* TreehouseCreateTableViewCell.swift in Sources */,
				EEE574632B7BA39D0040AC56 /* SettingViewController.swift in Sources */,
				EEA6FB212B8667CC00C8CBD6 /* Dictionary+.swift in Sources */,
				EEA6FB2D2B866C8500C8CBD6 /* TreehouseURLContainer.swift in Sources */,
				EEE574542B7B7AAC0040AC56 /* UIColor+.swift in Sources */,
				EEA6FB3E2B87B82900C8CBD6 /* PostBottomSheetViewController.swift in Sources */,
				EEA6FB1F2B8665F200C8CBD6 /* TRHURLRequest.swift in Sources */,
				EEE5746D2B7BA97C0040AC56 /* TreehallTableViewCell.swift in Sources */,
				EEE574162B7B76220040AC56 /* AppDelegate.swift in Sources */,
				EEE574502B7B7AAC0040AC56 /* UIFont+.swift in Sources */,
				EEA6FB282B866B3E00C8CBD6 /* UserDefaultsWrapperKey.swift in Sources */,
				EEA6FB3A2B87B7F800C8CBD6 /* TreehouseSelectionBottomSheetViewController.swift in Sources */,
				EEE5742F2B7B79970040AC56 /* FeedViewController.swift in Sources */,
				EEE574572B7B7C300040AC56 /* TreehouseImageCollection.swift in Sources */,
				EEE574602B7BA2C10040AC56 /* NotificationViewController.swift in Sources */,
				EEA6FB122B8662A900C8CBD6 /* PostDetailData.swift in Sources */,
				EEA6FB382B87AEE300C8CBD6 /* TreehousePopUpViewController.swift in Sources */,
				EEE574522B7B7AAC0040AC56 /* UIView+.swift in Sources */,
				EEE5744F2B7B7AAC0040AC56 /* String+.swift in Sources */,
				EEA6FB0E2B86601300C8CBD6 /* FeedData.swift in Sources */,
				EEA6FB142B86630200C8CBD6 /* ReactionData.swift in Sources */,
				EEE574182B7B76220040AC56 /* SceneDelegate.swift in Sources */,
				EEE5746B2B7BA50C0040AC56 /* PostTableViewCell.swift in Sources */,
				EEA6FB192B86654200C8CBD6 /* TreehouseNetworkManager.swift in Sources */,
			);
			runOnlyForDeploymentPostprocessing = 0;
		};
/* End PBXSourcesBuildPhase section */

/* Begin PBXVariantGroup section */
		EEE574202B7B76240040AC56 /* LaunchScreen.storyboard */ = {
			isa = PBXVariantGroup;
			children = (
				EEE574212B7B76240040AC56 /* Base */,
			);
			name = LaunchScreen.storyboard;
			sourceTree = "<group>";
		};
/* End PBXVariantGroup section */

/* Begin XCBuildConfiguration section */
		EEE574242B7B76240040AC56 /* Debug */ = {
			isa = XCBuildConfiguration;
			buildSettings = {
				ALWAYS_SEARCH_USER_PATHS = NO;
				ASSETCATALOG_COMPILER_GENERATE_SWIFT_ASSET_SYMBOL_EXTENSIONS = YES;
				CLANG_ANALYZER_NONNULL = YES;
				CLANG_ANALYZER_NUMBER_OBJECT_CONVERSION = YES_AGGRESSIVE;
				CLANG_CXX_LANGUAGE_STANDARD = "gnu++20";
				CLANG_ENABLE_MODULES = YES;
				CLANG_ENABLE_OBJC_ARC = YES;
				CLANG_ENABLE_OBJC_WEAK = YES;
				CLANG_WARN_BLOCK_CAPTURE_AUTORELEASING = YES;
				CLANG_WARN_BOOL_CONVERSION = YES;
				CLANG_WARN_COMMA = YES;
				CLANG_WARN_CONSTANT_CONVERSION = YES;
				CLANG_WARN_DEPRECATED_OBJC_IMPLEMENTATIONS = YES;
				CLANG_WARN_DIRECT_OBJC_ISA_USAGE = YES_ERROR;
				CLANG_WARN_DOCUMENTATION_COMMENTS = YES;
				CLANG_WARN_EMPTY_BODY = YES;
				CLANG_WARN_ENUM_CONVERSION = YES;
				CLANG_WARN_INFINITE_RECURSION = YES;
				CLANG_WARN_INT_CONVERSION = YES;
				CLANG_WARN_NON_LITERAL_NULL_CONVERSION = YES;
				CLANG_WARN_OBJC_IMPLICIT_RETAIN_SELF = YES;
				CLANG_WARN_OBJC_LITERAL_CONVERSION = YES;
				CLANG_WARN_OBJC_ROOT_CLASS = YES_ERROR;
				CLANG_WARN_QUOTED_INCLUDE_IN_FRAMEWORK_HEADER = YES;
				CLANG_WARN_RANGE_LOOP_ANALYSIS = YES;
				CLANG_WARN_STRICT_PROTOTYPES = YES;
				CLANG_WARN_SUSPICIOUS_MOVE = YES;
				CLANG_WARN_UNGUARDED_AVAILABILITY = YES_AGGRESSIVE;
				CLANG_WARN_UNREACHABLE_CODE = YES;
				CLANG_WARN__DUPLICATE_METHOD_MATCH = YES;
				COPY_PHASE_STRIP = NO;
				DEBUG_INFORMATION_FORMAT = dwarf;
				ENABLE_STRICT_OBJC_MSGSEND = YES;
				ENABLE_TESTABILITY = YES;
				ENABLE_USER_SCRIPT_SANDBOXING = NO;
				GCC_C_LANGUAGE_STANDARD = gnu17;
				GCC_DYNAMIC_NO_PIC = NO;
				GCC_NO_COMMON_BLOCKS = YES;
				GCC_OPTIMIZATION_LEVEL = 0;
				GCC_PREPROCESSOR_DEFINITIONS = (
					"DEBUG=1",
					"$(inherited)",
				);
				GCC_WARN_64_TO_32_BIT_CONVERSION = YES;
				GCC_WARN_ABOUT_RETURN_TYPE = YES_ERROR;
				GCC_WARN_UNDECLARED_SELECTOR = YES;
				GCC_WARN_UNINITIALIZED_AUTOS = YES_AGGRESSIVE;
				GCC_WARN_UNUSED_FUNCTION = YES;
				GCC_WARN_UNUSED_VARIABLE = YES;
				IPHONEOS_DEPLOYMENT_TARGET = 16.0;
				LOCALIZATION_PREFERS_STRING_CATALOGS = YES;
				MTL_ENABLE_DEBUG_INFO = INCLUDE_SOURCE;
				MTL_FAST_MATH = YES;
				ONLY_ACTIVE_ARCH = YES;
				SDKROOT = iphoneos;
				SWIFT_ACTIVE_COMPILATION_CONDITIONS = "DEBUG $(inherited)";
				SWIFT_OPTIMIZATION_LEVEL = "-Onone";
			};
			name = Debug;
		};
		EEE574252B7B76240040AC56 /* Release */ = {
			isa = XCBuildConfiguration;
			buildSettings = {
				ALWAYS_SEARCH_USER_PATHS = NO;
				ASSETCATALOG_COMPILER_GENERATE_SWIFT_ASSET_SYMBOL_EXTENSIONS = YES;
				CLANG_ANALYZER_NONNULL = YES;
				CLANG_ANALYZER_NUMBER_OBJECT_CONVERSION = YES_AGGRESSIVE;
				CLANG_CXX_LANGUAGE_STANDARD = "gnu++20";
				CLANG_ENABLE_MODULES = YES;
				CLANG_ENABLE_OBJC_ARC = YES;
				CLANG_ENABLE_OBJC_WEAK = YES;
				CLANG_WARN_BLOCK_CAPTURE_AUTORELEASING = YES;
				CLANG_WARN_BOOL_CONVERSION = YES;
				CLANG_WARN_COMMA = YES;
				CLANG_WARN_CONSTANT_CONVERSION = YES;
				CLANG_WARN_DEPRECATED_OBJC_IMPLEMENTATIONS = YES;
				CLANG_WARN_DIRECT_OBJC_ISA_USAGE = YES_ERROR;
				CLANG_WARN_DOCUMENTATION_COMMENTS = YES;
				CLANG_WARN_EMPTY_BODY = YES;
				CLANG_WARN_ENUM_CONVERSION = YES;
				CLANG_WARN_INFINITE_RECURSION = YES;
				CLANG_WARN_INT_CONVERSION = YES;
				CLANG_WARN_NON_LITERAL_NULL_CONVERSION = YES;
				CLANG_WARN_OBJC_IMPLICIT_RETAIN_SELF = YES;
				CLANG_WARN_OBJC_LITERAL_CONVERSION = YES;
				CLANG_WARN_OBJC_ROOT_CLASS = YES_ERROR;
				CLANG_WARN_QUOTED_INCLUDE_IN_FRAMEWORK_HEADER = YES;
				CLANG_WARN_RANGE_LOOP_ANALYSIS = YES;
				CLANG_WARN_STRICT_PROTOTYPES = YES;
				CLANG_WARN_SUSPICIOUS_MOVE = YES;
				CLANG_WARN_UNGUARDED_AVAILABILITY = YES_AGGRESSIVE;
				CLANG_WARN_UNREACHABLE_CODE = YES;
				CLANG_WARN__DUPLICATE_METHOD_MATCH = YES;
				COPY_PHASE_STRIP = NO;
				DEBUG_INFORMATION_FORMAT = "dwarf-with-dsym";
				ENABLE_NS_ASSERTIONS = NO;
				ENABLE_STRICT_OBJC_MSGSEND = YES;
				ENABLE_USER_SCRIPT_SANDBOXING = NO;
				GCC_C_LANGUAGE_STANDARD = gnu17;
				GCC_NO_COMMON_BLOCKS = YES;
				GCC_WARN_64_TO_32_BIT_CONVERSION = YES;
				GCC_WARN_ABOUT_RETURN_TYPE = YES_ERROR;
				GCC_WARN_UNDECLARED_SELECTOR = YES;
				GCC_WARN_UNINITIALIZED_AUTOS = YES_AGGRESSIVE;
				GCC_WARN_UNUSED_FUNCTION = YES;
				GCC_WARN_UNUSED_VARIABLE = YES;
				IPHONEOS_DEPLOYMENT_TARGET = 16.0;
				LOCALIZATION_PREFERS_STRING_CATALOGS = YES;
				MTL_ENABLE_DEBUG_INFO = NO;
				MTL_FAST_MATH = YES;
				SDKROOT = iphoneos;
				SWIFT_COMPILATION_MODE = wholemodule;
				VALIDATE_PRODUCT = YES;
			};
			name = Release;
		};
		EEE574272B7B76240040AC56 /* Debug */ = {
			isa = XCBuildConfiguration;
			baseConfigurationReference = 6D33CFFDE48C2206AC071F72 /* Pods-Treehouse.debug.xcconfig */;
			buildSettings = {
				ASSETCATALOG_COMPILER_APPICON_NAME = AppIcon;
				ASSETCATALOG_COMPILER_GLOBAL_ACCENT_COLOR_NAME = AccentColor;
				CODE_SIGN_STYLE = Automatic;
				CURRENT_PROJECT_VERSION = 1;
				DEVELOPMENT_TEAM = UKZF3A6P2B;
				GENERATE_INFOPLIST_FILE = YES;
				INFOPLIST_FILE = Treehouse/Resources/Info.plist;
				INFOPLIST_KEY_UIApplicationSupportsIndirectInputEvents = YES;
				INFOPLIST_KEY_UILaunchStoryboardName = LaunchScreen;
				INFOPLIST_KEY_UIMainStoryboardFile = "";
				INFOPLIST_KEY_UISupportedInterfaceOrientations = UIInterfaceOrientationPortrait;
				INFOPLIST_KEY_UISupportedInterfaceOrientations_iPad = "UIInterfaceOrientationPortrait UIInterfaceOrientationPortraitUpsideDown";
				IPHONEOS_DEPLOYMENT_TARGET = 16.0;
				LD_RUNPATH_SEARCH_PATHS = (
					"$(inherited)",
					"@executable_path/Frameworks",
				);
				MARKETING_VERSION = 1.0;
				PRODUCT_BUNDLE_IDENTIFIER = com.bmlee.Treehouse;
				PRODUCT_NAME = "$(TARGET_NAME)";
				SWIFT_EMIT_LOC_STRINGS = YES;
				SWIFT_VERSION = 5.0;
				TARGETED_DEVICE_FAMILY = "1,2";
			};
			name = Debug;
		};
		EEE574282B7B76240040AC56 /* Release */ = {
			isa = XCBuildConfiguration;
			baseConfigurationReference = 30B6CDE18EEEC0789A875EF4 /* Pods-Treehouse.release.xcconfig */;
			buildSettings = {
				ASSETCATALOG_COMPILER_APPICON_NAME = AppIcon;
				ASSETCATALOG_COMPILER_GLOBAL_ACCENT_COLOR_NAME = AccentColor;
				CODE_SIGN_STYLE = Automatic;
				CURRENT_PROJECT_VERSION = 1;
				DEVELOPMENT_TEAM = UKZF3A6P2B;
				GENERATE_INFOPLIST_FILE = YES;
				INFOPLIST_FILE = Treehouse/Resources/Info.plist;
				INFOPLIST_KEY_UIApplicationSupportsIndirectInputEvents = YES;
				INFOPLIST_KEY_UILaunchStoryboardName = LaunchScreen;
				INFOPLIST_KEY_UIMainStoryboardFile = "";
				INFOPLIST_KEY_UISupportedInterfaceOrientations = UIInterfaceOrientationPortrait;
				INFOPLIST_KEY_UISupportedInterfaceOrientations_iPad = "UIInterfaceOrientationPortrait UIInterfaceOrientationPortraitUpsideDown";
				IPHONEOS_DEPLOYMENT_TARGET = 16.0;
				LD_RUNPATH_SEARCH_PATHS = (
					"$(inherited)",
					"@executable_path/Frameworks",
				);
				MARKETING_VERSION = 1.0;
				PRODUCT_BUNDLE_IDENTIFIER = com.bmlee.Treehouse;
				PRODUCT_NAME = "$(TARGET_NAME)";
				SWIFT_EMIT_LOC_STRINGS = YES;
				SWIFT_VERSION = 5.0;
				TARGETED_DEVICE_FAMILY = "1,2";
			};
			name = Release;
		};
/* End XCBuildConfiguration section */

/* Begin XCConfigurationList section */
		EEE5740D2B7B76220040AC56 /* Build configuration list for PBXProject "Treehouse" */ = {
			isa = XCConfigurationList;
			buildConfigurations = (
				EEE574242B7B76240040AC56 /* Debug */,
				EEE574252B7B76240040AC56 /* Release */,
			);
			defaultConfigurationIsVisible = 0;
			defaultConfigurationName = Release;
		};
		EEE574262B7B76240040AC56 /* Build configuration list for PBXNativeTarget "Treehouse" */ = {
			isa = XCConfigurationList;
			buildConfigurations = (
				EEE574272B7B76240040AC56 /* Debug */,
				EEE574282B7B76240040AC56 /* Release */,
			);
			defaultConfigurationIsVisible = 0;
			defaultConfigurationName = Release;
		};
/* End XCConfigurationList section */
	};
	rootObject = EEE5740A2B7B76220040AC56 /* Project object */;
}
